// !$*UTF8*$!
{
	archiveVersion = 1;
	classes = {
	};
	objectVersion = 50;
	objects = {

/* Begin PBXBuildFile section */
		1999AA869A7552C589233188 /* Pods_LifeBits.framework in Frameworks */ = {isa = PBXBuildFile; fileRef = 66275F4073975F89A5F7F1F3 /* Pods_LifeBits.framework */; };
		1C1B87825A5F8405EB65A7D8 /* Pods_LifeBitsTests.framework in Frameworks */ = {isa = PBXBuildFile; fileRef = D6793BF88C65AB8EA275432E /* Pods_LifeBitsTests.framework */; };
		2E47A4D32EA64A2856F7D756 /* Pods_LifeBitsUITests.framework in Frameworks */ = {isa = PBXBuildFile; fileRef = FBF81B625D9E16787880792C /* Pods_LifeBitsUITests.framework */; };
		8985F8F4215630EB0098DE22 /* AppDelegate.swift in Sources */ = {isa = PBXBuildFile; fileRef = 8985F8F3215630EB0098DE22 /* AppDelegate.swift */; };
		8985F8F6215630EB0098DE22 /* HomeViewController.swift in Sources */ = {isa = PBXBuildFile; fileRef = 8985F8F5215630EB0098DE22 /* HomeViewController.swift */; };
		8985F8FB215630ED0098DE22 /* Assets.xcassets in Resources */ = {isa = PBXBuildFile; fileRef = 8985F8FA215630ED0098DE22 /* Assets.xcassets */; };
		8985F8FE215630ED0098DE22 /* LaunchScreen.storyboard in Resources */ = {isa = PBXBuildFile; fileRef = 8985F8FC215630ED0098DE22 /* LaunchScreen.storyboard */; };
		8985F909215630ED0098DE22 /* LifeBitsTests.swift in Sources */ = {isa = PBXBuildFile; fileRef = 8985F908215630ED0098DE22 /* LifeBitsTests.swift */; };
		8985F914215630ED0098DE22 /* LifeBitsUITests.swift in Sources */ = {isa = PBXBuildFile; fileRef = 8985F913215630ED0098DE22 /* LifeBitsUITests.swift */; };
		8985F92821565DBC0098DE22 /* Entry.swift in Sources */ = {isa = PBXBuildFile; fileRef = 8985F92721565DBC0098DE22 /* Entry.swift */; };
		8985F92C215785F70098DE22 /* CalendarViewController.swift in Sources */ = {isa = PBXBuildFile; fileRef = 8985F92B215785F70098DE22 /* CalendarViewController.swift */; };
		8985F92F215797590098DE22 /* BaseViewController.swift in Sources */ = {isa = PBXBuildFile; fileRef = 8985F92E215797590098DE22 /* BaseViewController.swift */; };
		8985F931215797940098DE22 /* BaseViewModel.swift in Sources */ = {isa = PBXBuildFile; fileRef = 8985F930215797940098DE22 /* BaseViewModel.swift */; };
		8985F9352157990E0098DE22 /* HomeViewModel.swift in Sources */ = {isa = PBXBuildFile; fileRef = 8985F9342157990E0098DE22 /* HomeViewModel.swift */; };
		8985F93A21579A050098DE22 /* CalendarViewModel.swift in Sources */ = {isa = PBXBuildFile; fileRef = 8985F93921579A050098DE22 /* CalendarViewModel.swift */; };
		8985F93C2157A0900098DE22 /* Localizable.strings in Resources */ = {isa = PBXBuildFile; fileRef = 8985F93B2157A0900098DE22 /* Localizable.strings */; };
		8985F94D2157B7BA0098DE22 /* R.m in Sources */ = {isa = PBXBuildFile; fileRef = 8985F94B2157B7B90098DE22 /* R.m */; };
		8985F95021583C500098DE22 /* NavigationManager.swift in Sources */ = {isa = PBXBuildFile; fileRef = 8985F94F21583C500098DE22 /* NavigationManager.swift */; };
		8985F9532158433F0098DE22 /* UIViewController+Utilities.swift in Sources */ = {isa = PBXBuildFile; fileRef = 8985F9522158433F0098DE22 /* UIViewController+Utilities.swift */; };
		8985F9552158440A0098DE22 /* HomeViewController.xib in Resources */ = {isa = PBXBuildFile; fileRef = 8985F9542158440A0098DE22 /* HomeViewController.xib */; };
		8985F9572158471D0098DE22 /* CalendarViewController.xib in Resources */ = {isa = PBXBuildFile; fileRef = 8985F9562158471D0098DE22 /* CalendarViewController.xib */; };
		8985F95A21584B1F0098DE22 /* theme_default.plist in Resources */ = {isa = PBXBuildFile; fileRef = 8985F95921584B1F0098DE22 /* theme_default.plist */; };
/* End PBXBuildFile section */

/* Begin PBXContainerItemProxy section */
		8985F905215630ED0098DE22 /* PBXContainerItemProxy */ = {
			isa = PBXContainerItemProxy;
			containerPortal = 8985F8E8215630EB0098DE22 /* Project object */;
			proxyType = 1;
			remoteGlobalIDString = 8985F8EF215630EB0098DE22;
			remoteInfo = LifeBits;
		};
		8985F910215630ED0098DE22 /* PBXContainerItemProxy */ = {
			isa = PBXContainerItemProxy;
			containerPortal = 8985F8E8215630EB0098DE22 /* Project object */;
			proxyType = 1;
			remoteGlobalIDString = 8985F8EF215630EB0098DE22;
			remoteInfo = LifeBits;
		};
/* End PBXContainerItemProxy section */

/* Begin PBXFileReference section */
		518A3409741A480D4B59FDBB /* Pods-LifeBitsTests.release.xcconfig */ = {isa = PBXFileReference; includeInIndex = 1; lastKnownFileType = text.xcconfig; name = "Pods-LifeBitsTests.release.xcconfig"; path = "Pods/Target Support Files/Pods-LifeBitsTests/Pods-LifeBitsTests.release.xcconfig"; sourceTree = "<group>"; };
		66275F4073975F89A5F7F1F3 /* Pods_LifeBits.framework */ = {isa = PBXFileReference; explicitFileType = wrapper.framework; includeInIndex = 0; path = Pods_LifeBits.framework; sourceTree = BUILT_PRODUCTS_DIR; };
		759C65EB2026D61771E687C1 /* Pods-LifeBitsUITests.debug.xcconfig */ = {isa = PBXFileReference; includeInIndex = 1; lastKnownFileType = text.xcconfig; name = "Pods-LifeBitsUITests.debug.xcconfig"; path = "Pods/Target Support Files/Pods-LifeBitsUITests/Pods-LifeBitsUITests.debug.xcconfig"; sourceTree = "<group>"; };
		8985F8F0215630EB0098DE22 /* LifeBits.app */ = {isa = PBXFileReference; explicitFileType = wrapper.application; includeInIndex = 0; path = LifeBits.app; sourceTree = BUILT_PRODUCTS_DIR; };
		8985F8F3215630EB0098DE22 /* AppDelegate.swift */ = {isa = PBXFileReference; lastKnownFileType = sourcecode.swift; path = AppDelegate.swift; sourceTree = "<group>"; };
		8985F8F5215630EB0098DE22 /* HomeViewController.swift */ = {isa = PBXFileReference; lastKnownFileType = sourcecode.swift; path = HomeViewController.swift; sourceTree = "<group>"; };
		8985F8FA215630ED0098DE22 /* Assets.xcassets */ = {isa = PBXFileReference; lastKnownFileType = folder.assetcatalog; path = Assets.xcassets; sourceTree = "<group>"; };
		8985F8FD215630ED0098DE22 /* Base */ = {isa = PBXFileReference; lastKnownFileType = file.storyboard; name = Base; path = Base.lproj/LaunchScreen.storyboard; sourceTree = "<group>"; };
		8985F8FF215630ED0098DE22 /* Info.plist */ = {isa = PBXFileReference; lastKnownFileType = text.plist.xml; path = Info.plist; sourceTree = "<group>"; };
		8985F904215630ED0098DE22 /* LifeBitsTests.xctest */ = {isa = PBXFileReference; explicitFileType = wrapper.cfbundle; includeInIndex = 0; path = LifeBitsTests.xctest; sourceTree = BUILT_PRODUCTS_DIR; };
		8985F908215630ED0098DE22 /* LifeBitsTests.swift */ = {isa = PBXFileReference; lastKnownFileType = sourcecode.swift; path = LifeBitsTests.swift; sourceTree = "<group>"; };
		8985F90A215630ED0098DE22 /* Info.plist */ = {isa = PBXFileReference; lastKnownFileType = text.plist.xml; path = Info.plist; sourceTree = "<group>"; };
		8985F90F215630ED0098DE22 /* LifeBitsUITests.xctest */ = {isa = PBXFileReference; explicitFileType = wrapper.cfbundle; includeInIndex = 0; path = LifeBitsUITests.xctest; sourceTree = BUILT_PRODUCTS_DIR; };
		8985F913215630ED0098DE22 /* LifeBitsUITests.swift */ = {isa = PBXFileReference; lastKnownFileType = sourcecode.swift; path = LifeBitsUITests.swift; sourceTree = "<group>"; };
		8985F915215630ED0098DE22 /* Info.plist */ = {isa = PBXFileReference; lastKnownFileType = text.plist.xml; path = Info.plist; sourceTree = "<group>"; };
		8985F92721565DBC0098DE22 /* Entry.swift */ = {isa = PBXFileReference; lastKnownFileType = sourcecode.swift; path = Entry.swift; sourceTree = "<group>"; };
		8985F92B215785F70098DE22 /* CalendarViewController.swift */ = {isa = PBXFileReference; lastKnownFileType = sourcecode.swift; path = CalendarViewController.swift; sourceTree = "<group>"; };
		8985F92E215797590098DE22 /* BaseViewController.swift */ = {isa = PBXFileReference; lastKnownFileType = sourcecode.swift; path = BaseViewController.swift; sourceTree = "<group>"; };
		8985F930215797940098DE22 /* BaseViewModel.swift */ = {isa = PBXFileReference; lastKnownFileType = sourcecode.swift; path = BaseViewModel.swift; sourceTree = "<group>"; };
		8985F9342157990E0098DE22 /* HomeViewModel.swift */ = {isa = PBXFileReference; lastKnownFileType = sourcecode.swift; path = HomeViewModel.swift; sourceTree = "<group>"; };
		8985F93921579A050098DE22 /* CalendarViewModel.swift */ = {isa = PBXFileReference; lastKnownFileType = sourcecode.swift; path = CalendarViewModel.swift; sourceTree = "<group>"; };
		8985F93B2157A0900098DE22 /* Localizable.strings */ = {isa = PBXFileReference; lastKnownFileType = text.plist.strings; path = Localizable.strings; sourceTree = "<group>"; };
		8985F93F2157B4600098DE22 /* LifeBits-Bridging-Header.h */ = {isa = PBXFileReference; lastKnownFileType = sourcecode.c.h; path = "LifeBits-Bridging-Header.h"; sourceTree = "<group>"; };
		8985F94B2157B7B90098DE22 /* R.m */ = {isa = PBXFileReference; fileEncoding = 4; lastKnownFileType = sourcecode.c.objc; path = R.m; sourceTree = "<group>"; };
		8985F94C2157B7BA0098DE22 /* R.h */ = {isa = PBXFileReference; fileEncoding = 4; lastKnownFileType = sourcecode.c.h; path = R.h; sourceTree = "<group>"; };
		8985F94F21583C500098DE22 /* NavigationManager.swift */ = {isa = PBXFileReference; lastKnownFileType = sourcecode.swift; path = NavigationManager.swift; sourceTree = "<group>"; };
		8985F9522158433F0098DE22 /* UIViewController+Utilities.swift */ = {isa = PBXFileReference; lastKnownFileType = sourcecode.swift; path = "UIViewController+Utilities.swift"; sourceTree = "<group>"; };
		8985F9542158440A0098DE22 /* HomeViewController.xib */ = {isa = PBXFileReference; lastKnownFileType = file.xib; path = HomeViewController.xib; sourceTree = "<group>"; };
		8985F9562158471D0098DE22 /* CalendarViewController.xib */ = {isa = PBXFileReference; lastKnownFileType = file.xib; path = CalendarViewController.xib; sourceTree = "<group>"; };
		8985F95921584B1F0098DE22 /* theme_default.plist */ = {isa = PBXFileReference; lastKnownFileType = text.plist.xml; path = theme_default.plist; sourceTree = "<group>"; };
		D6793BF88C65AB8EA275432E /* Pods_LifeBitsTests.framework */ = {isa = PBXFileReference; explicitFileType = wrapper.framework; includeInIndex = 0; path = Pods_LifeBitsTests.framework; sourceTree = BUILT_PRODUCTS_DIR; };
		E17FED3A3BDA7693C07F8904 /* Pods-LifeBits.release.xcconfig */ = {isa = PBXFileReference; includeInIndex = 1; lastKnownFileType = text.xcconfig; name = "Pods-LifeBits.release.xcconfig"; path = "Pods/Target Support Files/Pods-LifeBits/Pods-LifeBits.release.xcconfig"; sourceTree = "<group>"; };
		F0E153CD906F9B65A542E618 /* Pods-LifeBitsTests.debug.xcconfig */ = {isa = PBXFileReference; includeInIndex = 1; lastKnownFileType = text.xcconfig; name = "Pods-LifeBitsTests.debug.xcconfig"; path = "Pods/Target Support Files/Pods-LifeBitsTests/Pods-LifeBitsTests.debug.xcconfig"; sourceTree = "<group>"; };
		F1121A140FD40E47B6986FB4 /* Pods-LifeBits.debug.xcconfig */ = {isa = PBXFileReference; includeInIndex = 1; lastKnownFileType = text.xcconfig; name = "Pods-LifeBits.debug.xcconfig"; path = "Pods/Target Support Files/Pods-LifeBits/Pods-LifeBits.debug.xcconfig"; sourceTree = "<group>"; };
		F4B43EB70AD5CBA90AD181AF /* Pods-LifeBitsUITests.release.xcconfig */ = {isa = PBXFileReference; includeInIndex = 1; lastKnownFileType = text.xcconfig; name = "Pods-LifeBitsUITests.release.xcconfig"; path = "Pods/Target Support Files/Pods-LifeBitsUITests/Pods-LifeBitsUITests.release.xcconfig"; sourceTree = "<group>"; };
		FBF81B625D9E16787880792C /* Pods_LifeBitsUITests.framework */ = {isa = PBXFileReference; explicitFileType = wrapper.framework; includeInIndex = 0; path = Pods_LifeBitsUITests.framework; sourceTree = BUILT_PRODUCTS_DIR; };
/* End PBXFileReference section */

/* Begin PBXFrameworksBuildPhase section */
		8985F8ED215630EB0098DE22 /* Frameworks */ = {
			isa = PBXFrameworksBuildPhase;
			buildActionMask = 2147483647;
			files = (
				1999AA869A7552C589233188 /* Pods_LifeBits.framework in Frameworks */,
			);
			runOnlyForDeploymentPostprocessing = 0;
		};
		8985F901215630ED0098DE22 /* Frameworks */ = {
			isa = PBXFrameworksBuildPhase;
			buildActionMask = 2147483647;
			files = (
				1C1B87825A5F8405EB65A7D8 /* Pods_LifeBitsTests.framework in Frameworks */,
			);
			runOnlyForDeploymentPostprocessing = 0;
		};
		8985F90C215630ED0098DE22 /* Frameworks */ = {
			isa = PBXFrameworksBuildPhase;
			buildActionMask = 2147483647;
			files = (
				2E47A4D32EA64A2856F7D756 /* Pods_LifeBitsUITests.framework in Frameworks */,
			);
			runOnlyForDeploymentPostprocessing = 0;
		};
/* End PBXFrameworksBuildPhase section */

/* Begin PBXGroup section */
		47302CF55EAD72A33249ECC9 /* Frameworks */ = {
			isa = PBXGroup;
			children = (
				66275F4073975F89A5F7F1F3 /* Pods_LifeBits.framework */,
				D6793BF88C65AB8EA275432E /* Pods_LifeBitsTests.framework */,
				FBF81B625D9E16787880792C /* Pods_LifeBitsUITests.framework */,
			);
			name = Frameworks;
			sourceTree = "<group>";
		};
		8985F8E7215630EB0098DE22 = {
			isa = PBXGroup;
			children = (
				8985F8F2215630EB0098DE22 /* LifeBits */,
				8985F907215630ED0098DE22 /* LifeBitsTests */,
				8985F912215630ED0098DE22 /* LifeBitsUITests */,
				8985F8F1215630EB0098DE22 /* Products */,
				E1F2DA5B91498AE892E6FC4A /* Pods */,
				47302CF55EAD72A33249ECC9 /* Frameworks */,
				8985F93F2157B4600098DE22 /* LifeBits-Bridging-Header.h */,
			);
			sourceTree = "<group>";
		};
		8985F8F1215630EB0098DE22 /* Products */ = {
			isa = PBXGroup;
			children = (
				8985F8F0215630EB0098DE22 /* LifeBits.app */,
				8985F904215630ED0098DE22 /* LifeBitsTests.xctest */,
				8985F90F215630ED0098DE22 /* LifeBitsUITests.xctest */,
			);
			name = Products;
			sourceTree = "<group>";
		};
		8985F8F2215630EB0098DE22 /* LifeBits */ = {
			isa = PBXGroup;
			children = (
				8985F9442157B4BD0098DE22 /* Source */,
				8985F93E2157A3870098DE22 /* Resources */,
				8985F94E21583BF10098DE22 /* Managers */,
				8985F8FC215630ED0098DE22 /* LaunchScreen.storyboard */,
				8985F8FF215630ED0098DE22 /* Info.plist */,
			);
			path = LifeBits;
			sourceTree = "<group>";
		};
		8985F907215630ED0098DE22 /* LifeBitsTests */ = {
			isa = PBXGroup;
			children = (
				8985F908215630ED0098DE22 /* LifeBitsTests.swift */,
				8985F90A215630ED0098DE22 /* Info.plist */,
			);
			path = LifeBitsTests;
			sourceTree = "<group>";
		};
		8985F912215630ED0098DE22 /* LifeBitsUITests */ = {
			isa = PBXGroup;
			children = (
				8985F913215630ED0098DE22 /* LifeBitsUITests.swift */,
				8985F915215630ED0098DE22 /* Info.plist */,
			);
			path = LifeBitsUITests;
			sourceTree = "<group>";
		};
		8985F92D2157973E0098DE22 /* Common */ = {
			isa = PBXGroup;
			children = (
				8985F9512158431E0098DE22 /* Extensions */,
				8985F92E215797590098DE22 /* BaseViewController.swift */,
				8985F930215797940098DE22 /* BaseViewModel.swift */,
			);
			path = Common;
			sourceTree = "<group>";
		};
		8985F932215798BA0098DE22 /* Interfaces */ = {
			isa = PBXGroup;
			children = (
				8985F938215799D30098DE22 /* Calendar */,
				8985F933215798FB0098DE22 /* Home */,
			);
			path = Interfaces;
			sourceTree = "<group>";
		};
		8985F933215798FB0098DE22 /* Home */ = {
			isa = PBXGroup;
			children = (
				8985F8F5215630EB0098DE22 /* HomeViewController.swift */,
				8985F9342157990E0098DE22 /* HomeViewModel.swift */,
				8985F9542158440A0098DE22 /* HomeViewController.xib */,
			);
			path = Home;
			sourceTree = "<group>";
		};
		8985F936215799890098DE22 /* Models */ = {
			isa = PBXGroup;
			children = (
				8985F92721565DBC0098DE22 /* Entry.swift */,
			);
			path = Models;
			sourceTree = "<group>";
		};
		8985F937215799A70098DE22 /* Assets */ = {
			isa = PBXGroup;
			children = (
				8985F8FA215630ED0098DE22 /* Assets.xcassets */,
			);
			path = Assets;
			sourceTree = "<group>";
		};
		8985F938215799D30098DE22 /* Calendar */ = {
			isa = PBXGroup;
			children = (
				8985F92B215785F70098DE22 /* CalendarViewController.swift */,
				8985F93921579A050098DE22 /* CalendarViewModel.swift */,
				8985F9562158471D0098DE22 /* CalendarViewController.xib */,
			);
			path = Calendar;
			sourceTree = "<group>";
		};
		8985F93E2157A3870098DE22 /* Resources */ = {
			isa = PBXGroup;
			children = (
				8985F94C2157B7BA0098DE22 /* R.h */,
				8985F94B2157B7B90098DE22 /* R.m */,
				8985F9432157B4950098DE22 /* Localizable */,
				8985F958215849F50098DE22 /* Themes */,
				8985F937215799A70098DE22 /* Assets */,
			);
			path = Resources;
			sourceTree = "<group>";
		};
		8985F9432157B4950098DE22 /* Localizable */ = {
			isa = PBXGroup;
			children = (
				8985F93B2157A0900098DE22 /* Localizable.strings */,
			);
			path = Localizable;
			sourceTree = "<group>";
		};
		8985F9442157B4BD0098DE22 /* Source */ = {
			isa = PBXGroup;
			children = (
				8985F936215799890098DE22 /* Models */,
				8985F92D2157973E0098DE22 /* Common */,
				8985F932215798BA0098DE22 /* Interfaces */,
				8985F8F3215630EB0098DE22 /* AppDelegate.swift */,
			);
			path = Source;
			sourceTree = "<group>";
		};
		8985F94E21583BF10098DE22 /* Managers */ = {
			isa = PBXGroup;
			children = (
				8985F94F21583C500098DE22 /* NavigationManager.swift */,
			);
			path = Managers;
			sourceTree = "<group>";
		};
		8985F9512158431E0098DE22 /* Extensions */ = {
			isa = PBXGroup;
			children = (
				8985F9522158433F0098DE22 /* UIViewController+Utilities.swift */,
			);
			path = Extensions;
			sourceTree = "<group>";
		};
		8985F958215849F50098DE22 /* Themes */ = {
			isa = PBXGroup;
			children = (
				8985F95921584B1F0098DE22 /* theme_default.plist */,
			);
			path = Themes;
			sourceTree = "<group>";
		};
		E1F2DA5B91498AE892E6FC4A /* Pods */ = {
			isa = PBXGroup;
			children = (
				F1121A140FD40E47B6986FB4 /* Pods-LifeBits.debug.xcconfig */,
				E17FED3A3BDA7693C07F8904 /* Pods-LifeBits.release.xcconfig */,
				F0E153CD906F9B65A542E618 /* Pods-LifeBitsTests.debug.xcconfig */,
				518A3409741A480D4B59FDBB /* Pods-LifeBitsTests.release.xcconfig */,
				759C65EB2026D61771E687C1 /* Pods-LifeBitsUITests.debug.xcconfig */,
				F4B43EB70AD5CBA90AD181AF /* Pods-LifeBitsUITests.release.xcconfig */,
			);
			name = Pods;
			sourceTree = "<group>";
		};
/* End PBXGroup section */

/* Begin PBXNativeTarget section */
		8985F8EF215630EB0098DE22 /* LifeBits */ = {
			isa = PBXNativeTarget;
			buildConfigurationList = 8985F918215630ED0098DE22 /* Build configuration list for PBXNativeTarget "LifeBits" */;
			buildPhases = (
				5C773E4B58C24B3B5BFB154A /* [CP] Check Pods Manifest.lock */,
				8985F93D2157A2AD0098DE22 /* ShellScript */,
				8985F8EC215630EB0098DE22 /* Sources */,
				8985F8ED215630EB0098DE22 /* Frameworks */,
				8985F8EE215630EB0098DE22 /* Resources */,
				705A1837D629C52622F7D180 /* [CP] Embed Pods Frameworks */,
			);
			buildRules = (
			);
			dependencies = (
			);
			name = LifeBits;
			productName = LifeBits;
			productReference = 8985F8F0215630EB0098DE22 /* LifeBits.app */;
			productType = "com.apple.product-type.application";
		};
		8985F903215630ED0098DE22 /* LifeBitsTests */ = {
			isa = PBXNativeTarget;
			buildConfigurationList = 8985F91B215630ED0098DE22 /* Build configuration list for PBXNativeTarget "LifeBitsTests" */;
			buildPhases = (
				4F6FEB48BC155C349FA0D79A /* [CP] Check Pods Manifest.lock */,
				8985F900215630ED0098DE22 /* Sources */,
				8985F901215630ED0098DE22 /* Frameworks */,
				8985F902215630ED0098DE22 /* Resources */,
			);
			buildRules = (
			);
			dependencies = (
				8985F906215630ED0098DE22 /* PBXTargetDependency */,
			);
			name = LifeBitsTests;
			productName = LifeBitsTests;
			productReference = 8985F904215630ED0098DE22 /* LifeBitsTests.xctest */;
			productType = "com.apple.product-type.bundle.unit-test";
		};
		8985F90E215630ED0098DE22 /* LifeBitsUITests */ = {
			isa = PBXNativeTarget;
			buildConfigurationList = 8985F91E215630ED0098DE22 /* Build configuration list for PBXNativeTarget "LifeBitsUITests" */;
			buildPhases = (
				3DB8E26227D40FDF4D307417 /* [CP] Check Pods Manifest.lock */,
				8985F90B215630ED0098DE22 /* Sources */,
				8985F90C215630ED0098DE22 /* Frameworks */,
				8985F90D215630ED0098DE22 /* Resources */,
			);
			buildRules = (
			);
			dependencies = (
				8985F911215630ED0098DE22 /* PBXTargetDependency */,
			);
			name = LifeBitsUITests;
			productName = LifeBitsUITests;
			productReference = 8985F90F215630ED0098DE22 /* LifeBitsUITests.xctest */;
			productType = "com.apple.product-type.bundle.ui-testing";
		};
/* End PBXNativeTarget section */

/* Begin PBXProject section */
		8985F8E8215630EB0098DE22 /* Project object */ = {
			isa = PBXProject;
			attributes = {
				LastSwiftUpdateCheck = 0940;
				LastUpgradeCheck = 0940;
				ORGANIZATIONNAME = LuciaMaj;
				TargetAttributes = {
					8985F8EF215630EB0098DE22 = {
						CreatedOnToolsVersion = 9.4.1;
						LastSwiftMigration = 0940;
					};
					8985F903215630ED0098DE22 = {
						CreatedOnToolsVersion = 9.4.1;
						TestTargetID = 8985F8EF215630EB0098DE22;
					};
					8985F90E215630ED0098DE22 = {
						CreatedOnToolsVersion = 9.4.1;
						TestTargetID = 8985F8EF215630EB0098DE22;
					};
				};
			};
			buildConfigurationList = 8985F8EB215630EB0098DE22 /* Build configuration list for PBXProject "LifeBits" */;
			compatibilityVersion = "Xcode 9.3";
			developmentRegion = en;
			hasScannedForEncodings = 0;
			knownRegions = (
				en,
				Base,
			);
			mainGroup = 8985F8E7215630EB0098DE22;
			productRefGroup = 8985F8F1215630EB0098DE22 /* Products */;
			projectDirPath = "";
			projectRoot = "";
			targets = (
				8985F8EF215630EB0098DE22 /* LifeBits */,
				8985F903215630ED0098DE22 /* LifeBitsTests */,
				8985F90E215630ED0098DE22 /* LifeBitsUITests */,
			);
		};
/* End PBXProject section */

/* Begin PBXResourcesBuildPhase section */
		8985F8EE215630EB0098DE22 /* Resources */ = {
			isa = PBXResourcesBuildPhase;
			buildActionMask = 2147483647;
			files = (
				8985F9552158440A0098DE22 /* HomeViewController.xib in Resources */,
				8985F9572158471D0098DE22 /* CalendarViewController.xib in Resources */,
				8985F8FE215630ED0098DE22 /* LaunchScreen.storyboard in Resources */,
				8985F93C2157A0900098DE22 /* Localizable.strings in Resources */,
				8985F95A21584B1F0098DE22 /* theme_default.plist in Resources */,
				8985F8FB215630ED0098DE22 /* Assets.xcassets in Resources */,
			);
			runOnlyForDeploymentPostprocessing = 0;
		};
		8985F902215630ED0098DE22 /* Resources */ = {
			isa = PBXResourcesBuildPhase;
			buildActionMask = 2147483647;
			files = (
			);
			runOnlyForDeploymentPostprocessing = 0;
		};
		8985F90D215630ED0098DE22 /* Resources */ = {
			isa = PBXResourcesBuildPhase;
			buildActionMask = 2147483647;
			files = (
			);
			runOnlyForDeploymentPostprocessing = 0;
		};
/* End PBXResourcesBuildPhase section */

/* Begin PBXShellScriptBuildPhase section */
		3DB8E26227D40FDF4D307417 /* [CP] Check Pods Manifest.lock */ = {
			isa = PBXShellScriptBuildPhase;
			buildActionMask = 2147483647;
			files = (
			);
			inputPaths = (
				"${PODS_PODFILE_DIR_PATH}/Podfile.lock",
				"${PODS_ROOT}/Manifest.lock",
			);
			name = "[CP] Check Pods Manifest.lock";
			outputPaths = (
				"$(DERIVED_FILE_DIR)/Pods-LifeBitsUITests-checkManifestLockResult.txt",
			);
			runOnlyForDeploymentPostprocessing = 0;
			shellPath = /bin/sh;
			shellScript = "diff \"${PODS_PODFILE_DIR_PATH}/Podfile.lock\" \"${PODS_ROOT}/Manifest.lock\" > /dev/null\nif [ $? != 0 ] ; then\n    # print error to STDERR\n    echo \"error: The sandbox is not in sync with the Podfile.lock. Run 'pod install' or update your CocoaPods installation.\" >&2\n    exit 1\nfi\n# This output is used by Xcode 'outputs' to avoid re-running this script phase.\necho \"SUCCESS\" > \"${SCRIPT_OUTPUT_FILE_0}\"\n";
			showEnvVarsInLog = 0;
		};
		4F6FEB48BC155C349FA0D79A /* [CP] Check Pods Manifest.lock */ = {
			isa = PBXShellScriptBuildPhase;
			buildActionMask = 2147483647;
			files = (
			);
			inputPaths = (
				"${PODS_PODFILE_DIR_PATH}/Podfile.lock",
				"${PODS_ROOT}/Manifest.lock",
			);
			name = "[CP] Check Pods Manifest.lock";
			outputPaths = (
				"$(DERIVED_FILE_DIR)/Pods-LifeBitsTests-checkManifestLockResult.txt",
			);
			runOnlyForDeploymentPostprocessing = 0;
			shellPath = /bin/sh;
			shellScript = "diff \"${PODS_PODFILE_DIR_PATH}/Podfile.lock\" \"${PODS_ROOT}/Manifest.lock\" > /dev/null\nif [ $? != 0 ] ; then\n    # print error to STDERR\n    echo \"error: The sandbox is not in sync with the Podfile.lock. Run 'pod install' or update your CocoaPods installation.\" >&2\n    exit 1\nfi\n# This output is used by Xcode 'outputs' to avoid re-running this script phase.\necho \"SUCCESS\" > \"${SCRIPT_OUTPUT_FILE_0}\"\n";
			showEnvVarsInLog = 0;
		};
		5C773E4B58C24B3B5BFB154A /* [CP] Check Pods Manifest.lock */ = {
			isa = PBXShellScriptBuildPhase;
			buildActionMask = 2147483647;
			files = (
			);
			inputPaths = (
				"${PODS_PODFILE_DIR_PATH}/Podfile.lock",
				"${PODS_ROOT}/Manifest.lock",
			);
			name = "[CP] Check Pods Manifest.lock";
			outputPaths = (
				"$(DERIVED_FILE_DIR)/Pods-LifeBits-checkManifestLockResult.txt",
			);
			runOnlyForDeploymentPostprocessing = 0;
			shellPath = /bin/sh;
			shellScript = "diff \"${PODS_PODFILE_DIR_PATH}/Podfile.lock\" \"${PODS_ROOT}/Manifest.lock\" > /dev/null\nif [ $? != 0 ] ; then\n    # print error to STDERR\n    echo \"error: The sandbox is not in sync with the Podfile.lock. Run 'pod install' or update your CocoaPods installation.\" >&2\n    exit 1\nfi\n# This output is used by Xcode 'outputs' to avoid re-running this script phase.\necho \"SUCCESS\" > \"${SCRIPT_OUTPUT_FILE_0}\"\n";
			showEnvVarsInLog = 0;
		};
		705A1837D629C52622F7D180 /* [CP] Embed Pods Frameworks */ = {
			isa = PBXShellScriptBuildPhase;
			buildActionMask = 2147483647;
			files = (
			);
			inputPaths = (
				"${SRCROOT}/Pods/Target Support Files/Pods-LifeBits/Pods-LifeBits-frameworks.sh",
				"${BUILT_PRODUCTS_DIR}/Alamofire/Alamofire.framework",
				"${BUILT_PRODUCTS_DIR}/BonMot/BonMot.framework",
				"${BUILT_PRODUCTS_DIR}/CVCalendar/CVCalendar.framework",
				"${BUILT_PRODUCTS_DIR}/Giotto/Giotto.framework",
				"${BUILT_PRODUCTS_DIR}/Glotty/Glotty.framework",
				"${BUILT_PRODUCTS_DIR}/Realm/Realm.framework",
				"${BUILT_PRODUCTS_DIR}/RealmSwift/RealmSwift.framework",
				"${BUILT_PRODUCTS_DIR}/SVProgressHUD/SVProgressHUD.framework",
				"${BUILT_PRODUCTS_DIR}/SwiftyJSON/SwiftyJSON.framework",
				"${BUILT_PRODUCTS_DIR}/TinyConstraints/TinyConstraints.framework",
			);
			name = "[CP] Embed Pods Frameworks";
			outputPaths = (
				"${TARGET_BUILD_DIR}/${FRAMEWORKS_FOLDER_PATH}/Alamofire.framework",
				"${TARGET_BUILD_DIR}/${FRAMEWORKS_FOLDER_PATH}/BonMot.framework",
				"${TARGET_BUILD_DIR}/${FRAMEWORKS_FOLDER_PATH}/CVCalendar.framework",
				"${TARGET_BUILD_DIR}/${FRAMEWORKS_FOLDER_PATH}/Giotto.framework",
				"${TARGET_BUILD_DIR}/${FRAMEWORKS_FOLDER_PATH}/Glotty.framework",
				"${TARGET_BUILD_DIR}/${FRAMEWORKS_FOLDER_PATH}/Realm.framework",
				"${TARGET_BUILD_DIR}/${FRAMEWORKS_FOLDER_PATH}/RealmSwift.framework",
				"${TARGET_BUILD_DIR}/${FRAMEWORKS_FOLDER_PATH}/SVProgressHUD.framework",
				"${TARGET_BUILD_DIR}/${FRAMEWORKS_FOLDER_PATH}/SwiftyJSON.framework",
				"${TARGET_BUILD_DIR}/${FRAMEWORKS_FOLDER_PATH}/TinyConstraints.framework",
			);
			runOnlyForDeploymentPostprocessing = 0;
			shellPath = /bin/sh;
			shellScript = "\"${SRCROOT}/Pods/Target Support Files/Pods-LifeBits/Pods-LifeBits-frameworks.sh\"\n";
			showEnvVarsInLog = 0;
		};
		8985F93D2157A2AD0098DE22 /* ShellScript */ = {
			isa = PBXShellScriptBuildPhase;
			buildActionMask = 2147483647;
			files = (
			);
			inputPaths = (
			);
			outputPaths = (
			);
			runOnlyForDeploymentPostprocessing = 0;
			shellPath = /bin/sh;
			shellScript = "\"${PODS_ROOT}/R.objc/Robjc\" -p \"$SRCROOT/LifeBits/Resources\" -s";
		};
/* End PBXShellScriptBuildPhase section */

/* Begin PBXSourcesBuildPhase section */
		8985F8EC215630EB0098DE22 /* Sources */ = {
			isa = PBXSourcesBuildPhase;
			buildActionMask = 2147483647;
			files = (
				8985F94D2157B7BA0098DE22 /* R.m in Sources */,
				8985F9532158433F0098DE22 /* UIViewController+Utilities.swift in Sources */,
				8985F93A21579A050098DE22 /* CalendarViewModel.swift in Sources */,
				8985F92F215797590098DE22 /* BaseViewController.swift in Sources */,
				8985F92C215785F70098DE22 /* CalendarViewController.swift in Sources */,
				8985F9352157990E0098DE22 /* HomeViewModel.swift in Sources */,
				8985F92821565DBC0098DE22 /* Entry.swift in Sources */,
				8985F8F6215630EB0098DE22 /* HomeViewController.swift in Sources */,
				8985F8F4215630EB0098DE22 /* AppDelegate.swift in Sources */,
				8985F931215797940098DE22 /* BaseViewModel.swift in Sources */,
				8985F95021583C500098DE22 /* NavigationManager.swift in Sources */,
			);
			runOnlyForDeploymentPostprocessing = 0;
		};
		8985F900215630ED0098DE22 /* Sources */ = {
			isa = PBXSourcesBuildPhase;
			buildActionMask = 2147483647;
			files = (
				8985F909215630ED0098DE22 /* LifeBitsTests.swift in Sources */,
			);
			runOnlyForDeploymentPostprocessing = 0;
		};
		8985F90B215630ED0098DE22 /* Sources */ = {
			isa = PBXSourcesBuildPhase;
			buildActionMask = 2147483647;
			files = (
				8985F914215630ED0098DE22 /* LifeBitsUITests.swift in Sources */,
			);
			runOnlyForDeploymentPostprocessing = 0;
		};
/* End PBXSourcesBuildPhase section */

/* Begin PBXTargetDependency section */
		8985F906215630ED0098DE22 /* PBXTargetDependency */ = {
			isa = PBXTargetDependency;
			target = 8985F8EF215630EB0098DE22 /* LifeBits */;
			targetProxy = 8985F905215630ED0098DE22 /* PBXContainerItemProxy */;
		};
		8985F911215630ED0098DE22 /* PBXTargetDependency */ = {
			isa = PBXTargetDependency;
			target = 8985F8EF215630EB0098DE22 /* LifeBits */;
			targetProxy = 8985F910215630ED0098DE22 /* PBXContainerItemProxy */;
		};
/* End PBXTargetDependency section */

/* Begin PBXVariantGroup section */
		8985F8FC215630ED0098DE22 /* LaunchScreen.storyboard */ = {
			isa = PBXVariantGroup;
			children = (
				8985F8FD215630ED0098DE22 /* Base */,
			);
			name = LaunchScreen.storyboard;
			sourceTree = "<group>";
		};
/* End PBXVariantGroup section */

/* Begin XCBuildConfiguration section */
		8985F916215630ED0098DE22 /* Debug */ = {
			isa = XCBuildConfiguration;
			buildSettings = {
				ALWAYS_SEARCH_USER_PATHS = NO;
				CLANG_ANALYZER_NONNULL = YES;
				CLANG_ANALYZER_NUMBER_OBJECT_CONVERSION = YES_AGGRESSIVE;
				CLANG_CXX_LANGUAGE_STANDARD = "gnu++14";
				CLANG_CXX_LIBRARY = "libc++";
				CLANG_ENABLE_MODULES = YES;
				CLANG_ENABLE_OBJC_ARC = YES;
				CLANG_ENABLE_OBJC_WEAK = YES;
				CLANG_WARN_BLOCK_CAPTURE_AUTORELEASING = YES;
				CLANG_WARN_BOOL_CONVERSION = YES;
				CLANG_WARN_COMMA = YES;
				CLANG_WARN_CONSTANT_CONVERSION = YES;
				CLANG_WARN_DEPRECATED_OBJC_IMPLEMENTATIONS = YES;
				CLANG_WARN_DIRECT_OBJC_ISA_USAGE = YES_ERROR;
				CLANG_WARN_DOCUMENTATION_COMMENTS = YES;
				CLANG_WARN_EMPTY_BODY = YES;
				CLANG_WARN_ENUM_CONVERSION = YES;
				CLANG_WARN_INFINITE_RECURSION = YES;
				CLANG_WARN_INT_CONVERSION = YES;
				CLANG_WARN_NON_LITERAL_NULL_CONVERSION = YES;
				CLANG_WARN_OBJC_IMPLICIT_RETAIN_SELF = YES;
				CLANG_WARN_OBJC_LITERAL_CONVERSION = YES;
				CLANG_WARN_OBJC_ROOT_CLASS = YES_ERROR;
				CLANG_WARN_RANGE_LOOP_ANALYSIS = YES;
				CLANG_WARN_STRICT_PROTOTYPES = YES;
				CLANG_WARN_SUSPICIOUS_MOVE = YES;
				CLANG_WARN_UNGUARDED_AVAILABILITY = YES_AGGRESSIVE;
				CLANG_WARN_UNREACHABLE_CODE = YES;
				CLANG_WARN__DUPLICATE_METHOD_MATCH = YES;
				CODE_SIGN_IDENTITY = "iPhone Developer";
				COPY_PHASE_STRIP = NO;
				DEBUG_INFORMATION_FORMAT = dwarf;
				ENABLE_STRICT_OBJC_MSGSEND = YES;
				ENABLE_TESTABILITY = YES;
				GCC_C_LANGUAGE_STANDARD = gnu11;
				GCC_DYNAMIC_NO_PIC = NO;
				GCC_NO_COMMON_BLOCKS = YES;
				GCC_OPTIMIZATION_LEVEL = 0;
				GCC_PREPROCESSOR_DEFINITIONS = (
					"DEBUG=1",
					"$(inherited)",
				);
				GCC_WARN_64_TO_32_BIT_CONVERSION = YES;
				GCC_WARN_ABOUT_RETURN_TYPE = YES_ERROR;
				GCC_WARN_UNDECLARED_SELECTOR = YES;
				GCC_WARN_UNINITIALIZED_AUTOS = YES_AGGRESSIVE;
				GCC_WARN_UNUSED_FUNCTION = YES;
				GCC_WARN_UNUSED_VARIABLE = YES;
				IPHONEOS_DEPLOYMENT_TARGET = 11.4;
				MTL_ENABLE_DEBUG_INFO = YES;
				ONLY_ACTIVE_ARCH = YES;
				SDKROOT = iphoneos;
				SWIFT_ACTIVE_COMPILATION_CONDITIONS = DEBUG;
				SWIFT_OPTIMIZATION_LEVEL = "-Onone";
			};
			name = Debug;
		};
		8985F917215630ED0098DE22 /* Release */ = {
			isa = XCBuildConfiguration;
			buildSettings = {
				ALWAYS_SEARCH_USER_PATHS = NO;
				CLANG_ANALYZER_NONNULL = YES;
				CLANG_ANALYZER_NUMBER_OBJECT_CONVERSION = YES_AGGRESSIVE;
				CLANG_CXX_LANGUAGE_STANDARD = "gnu++14";
				CLANG_CXX_LIBRARY = "libc++";
				CLANG_ENABLE_MODULES = YES;
				CLANG_ENABLE_OBJC_ARC = YES;
				CLANG_ENABLE_OBJC_WEAK = YES;
				CLANG_WARN_BLOCK_CAPTURE_AUTORELEASING = YES;
				CLANG_WARN_BOOL_CONVERSION = YES;
				CLANG_WARN_COMMA = YES;
				CLANG_WARN_CONSTANT_CONVERSION = YES;
				CLANG_WARN_DEPRECATED_OBJC_IMPLEMENTATIONS = YES;
				CLANG_WARN_DIRECT_OBJC_ISA_USAGE = YES_ERROR;
				CLANG_WARN_DOCUMENTATION_COMMENTS = YES;
				CLANG_WARN_EMPTY_BODY = YES;
				CLANG_WARN_ENUM_CONVERSION = YES;
				CLANG_WARN_INFINITE_RECURSION = YES;
				CLANG_WARN_INT_CONVERSION = YES;
				CLANG_WARN_NON_LITERAL_NULL_CONVERSION = YES;
				CLANG_WARN_OBJC_IMPLICIT_RETAIN_SELF = YES;
				CLANG_WARN_OBJC_LITERAL_CONVERSION = YES;
				CLANG_WARN_OBJC_ROOT_CLASS = YES_ERROR;
				CLANG_WARN_RANGE_LOOP_ANALYSIS = YES;
				CLANG_WARN_STRICT_PROTOTYPES = YES;
				CLANG_WARN_SUSPICIOUS_MOVE = YES;
				CLANG_WARN_UNGUARDED_AVAILABILITY = YES_AGGRESSIVE;
				CLANG_WARN_UNREACHABLE_CODE = YES;
				CLANG_WARN__DUPLICATE_METHOD_MATCH = YES;
				CODE_SIGN_IDENTITY = "iPhone Developer";
				COPY_PHASE_STRIP = NO;
				DEBUG_INFORMATION_FORMAT = "dwarf-with-dsym";
				ENABLE_NS_ASSERTIONS = NO;
				ENABLE_STRICT_OBJC_MSGSEND = YES;
				GCC_C_LANGUAGE_STANDARD = gnu11;
				GCC_NO_COMMON_BLOCKS = YES;
				GCC_WARN_64_TO_32_BIT_CONVERSION = YES;
				GCC_WARN_ABOUT_RETURN_TYPE = YES_ERROR;
				GCC_WARN_UNDECLARED_SELECTOR = YES;
				GCC_WARN_UNINITIALIZED_AUTOS = YES_AGGRESSIVE;
				GCC_WARN_UNUSED_FUNCTION = YES;
				GCC_WARN_UNUSED_VARIABLE = YES;
				IPHONEOS_DEPLOYMENT_TARGET = 11.4;
				MTL_ENABLE_DEBUG_INFO = NO;
				SDKROOT = iphoneos;
				SWIFT_COMPILATION_MODE = wholemodule;
				SWIFT_OPTIMIZATION_LEVEL = "-O";
				VALIDATE_PRODUCT = YES;
			};
			name = Release;
		};
		8985F919215630ED0098DE22 /* Debug */ = {
			isa = XCBuildConfiguration;
			baseConfigurationReference = F1121A140FD40E47B6986FB4 /* Pods-LifeBits.debug.xcconfig */;
			buildSettings = {
				ASSETCATALOG_COMPILER_APPICON_NAME = AppIcon;
				CLANG_ENABLE_MODULES = YES;
				CODE_SIGN_STYLE = Automatic;
				INFOPLIST_FILE = LifeBits/Info.plist;
				LD_RUNPATH_SEARCH_PATHS = (
					"$(inherited)",
					"@executable_path/Frameworks",
				);
				PRODUCT_BUNDLE_IDENTIFIER = LuciaMaj.LifeBits;
				PRODUCT_NAME = "$(TARGET_NAME)";
				SWIFT_OBJC_BRIDGING_HEADER = "LifeBits-Bridging-Header.h";
				SWIFT_OPTIMIZATION_LEVEL = "-Onone";
				SWIFT_VERSION = 4.0;
				TARGETED_DEVICE_FAMILY = "1,2";
			};
			name = Debug;
		};
		8985F91A215630ED0098DE22 /* Release */ = {
			isa = XCBuildConfiguration;
			baseConfigurationReference = E17FED3A3BDA7693C07F8904 /* Pods-LifeBits.release.xcconfig */;
			buildSettings = {
				ASSETCATALOG_COMPILER_APPICON_NAME = AppIcon;
				CLANG_ENABLE_MODULES = YES;
				CODE_SIGN_STYLE = Automatic;
				INFOPLIST_FILE = LifeBits/Info.plist;
				LD_RUNPATH_SEARCH_PATHS = (
					"$(inherited)",
					"@executable_path/Frameworks",
				);
				PRODUCT_BUNDLE_IDENTIFIER = LuciaMaj.LifeBits;
				PRODUCT_NAME = "$(TARGET_NAME)";
				SWIFT_OBJC_BRIDGING_HEADER = "LifeBits-Bridging-Header.h";
				SWIFT_VERSION = 4.0;
				TARGETED_DEVICE_FAMILY = "1,2";
			};
			name = Release;
		};
		8985F91C215630ED0098DE22 /* Debug */ = {
			isa = XCBuildConfiguration;
			baseConfigurationReference = F0E153CD906F9B65A542E618 /* Pods-LifeBitsTests.debug.xcconfig */;
			buildSettings = {
				ALWAYS_EMBED_SWIFT_STANDARD_LIBRARIES = YES;
				BUNDLE_LOADER = "$(TEST_HOST)";
				CODE_SIGN_STYLE = Automatic;
				INFOPLIST_FILE = LifeBitsTests/Info.plist;
				LD_RUNPATH_SEARCH_PATHS = (
					"$(inherited)",
					"@executable_path/Frameworks",
					"@loader_path/Frameworks",
				);
				PRODUCT_BUNDLE_IDENTIFIER = LuciaMaj.LifeBitsTests;
				PRODUCT_NAME = "$(TARGET_NAME)";
				SWIFT_VERSION = 4.0;
				TARGETED_DEVICE_FAMILY = "1,2";
				TEST_HOST = "$(BUILT_PRODUCTS_DIR)/LifeBits.app/LifeBits";
			};
			name = Debug;
		};
		8985F91D215630ED0098DE22 /* Release */ = {
			isa = XCBuildConfiguration;
			baseConfigurationReference = 518A3409741A480D4B59FDBB /* Pods-LifeBitsTests.release.xcconfig */;
			buildSettings = {
				ALWAYS_EMBED_SWIFT_STANDARD_LIBRARIES = YES;
				BUNDLE_LOADER = "$(TEST_HOST)";
				CODE_SIGN_STYLE = Automatic;
				INFOPLIST_FILE = LifeBitsTests/Info.plist;
				LD_RUNPATH_SEARCH_PATHS = (
					"$(inherited)",
					"@executable_path/Frameworks",
					"@loader_path/Frameworks",
				);
				PRODUCT_BUNDLE_IDENTIFIER = LuciaMaj.LifeBitsTests;
				PRODUCT_NAME = "$(TARGET_NAME)";
				SWIFT_VERSION = 4.0;
				TARGETED_DEVICE_FAMILY = "1,2";
				TEST_HOST = "$(BUILT_PRODUCTS_DIR)/LifeBits.app/LifeBits";
			};
			name = Release;
		};
		8985F91F215630ED0098DE22 /* Debug */ = {
			isa = XCBuildConfiguration;
			baseConfigurationReference = 759C65EB2026D61771E687C1 /* Pods-LifeBitsUITests.debug.xcconfig */;
			buildSettings = {
				ALWAYS_EMBED_SWIFT_STANDARD_LIBRARIES = YES;
				CODE_SIGN_STYLE = Automatic;
				INFOPLIST_FILE = LifeBitsUITests/Info.plist;
				LD_RUNPATH_SEARCH_PATHS = (
					"$(inherited)",
					"@executable_path/Frameworks",
					"@loader_path/Frameworks",
				);
				PRODUCT_BUNDLE_IDENTIFIER = LuciaMaj.LifeBitsUITests;
				PRODUCT_NAME = "$(TARGET_NAME)";
				SWIFT_VERSION = 4.0;
				TARGETED_DEVICE_FAMILY = "1,2";
				TEST_TARGET_NAME = LifeBits;
			};
			name = Debug;
		};
		8985F920215630ED0098DE22 /* Release */ = {
			isa = XCBuildConfiguration;
			baseConfigurationReference = F4B43EB70AD5CBA90AD181AF /* Pods-LifeBitsUITests.release.xcconfig */;
			buildSettings = {
				ALWAYS_EMBED_SWIFT_STANDARD_LIBRARIES = YES;
				CODE_SIGN_STYLE = Automatic;
				INFOPLIST_FILE = LifeBitsUITests/Info.plist;
				LD_RUNPATH_SEARCH_PATHS = (
					"$(inherited)",
					"@executable_path/Frameworks",
					"@loader_path/Frameworks",
				);
				PRODUCT_BUNDLE_IDENTIFIER = LuciaMaj.LifeBitsUITests;
				PRODUCT_NAME = "$(TARGET_NAME)";
				SWIFT_VERSION = 4.0;
				TARGETED_DEVICE_FAMILY = "1,2";
				TEST_TARGET_NAME = LifeBits;
			};
			name = Release;
		};
/* End XCBuildConfiguration section */

/* Begin XCConfigurationList section */
		8985F8EB215630EB0098DE22 /* Build configuration list for PBXProject "LifeBits" */ = {
			isa = XCConfigurationList;
			buildConfigurations = (
				8985F916215630ED0098DE22 /* Debug */,
				8985F917215630ED0098DE22 /* Release */,
			);
			defaultConfigurationIsVisible = 0;
			defaultConfigurationName = Release;
		};
		8985F918215630ED0098DE22 /* Build configuration list for PBXNativeTarget "LifeBits" */ = {
			isa = XCConfigurationList;
			buildConfigurations = (
				8985F919215630ED0098DE22 /* Debug */,
				8985F91A215630ED0098DE22 /* Release */,
			);
			defaultConfigurationIsVisible = 0;
			defaultConfigurationName = Release;
		};
		8985F91B215630ED0098DE22 /* Build configuration list for PBXNativeTarget "LifeBitsTests" */ = {
			isa = XCConfigurationList;
			buildConfigurations = (
				8985F91C215630ED0098DE22 /* Debug */,
				8985F91D215630ED0098DE22 /* Release */,
			);
			defaultConfigurationIsVisible = 0;
			defaultConfigurationName = Release;
		};
		8985F91E215630ED0098DE22 /* Build configuration list for PBXNativeTarget "LifeBitsUITests" */ = {
			isa = XCConfigurationList;
			buildConfigurations = (
				8985F91F215630ED0098DE22 /* Debug */,
				8985F920215630ED0098DE22 /* Release */,
			);
			defaultConfigurationIsVisible = 0;
			defaultConfigurationName = Release;
		};
/* End XCConfigurationList section */
	};
	rootObject = 8985F8E8215630EB0098DE22 /* Project object */;
}
